
Microsoft Visual Studio Solution File, Format Version 12.00
# Visual Studio 15
VisualStudioVersion = 15.0.26124.0
MinimumVisualStudioVersion = 15.0.26124.0
Project("{2150E333-8FDC-42A3-9474-1A3956D46DE8}") = "src", "src", "{2640F9C4-988C-4C42-80ED-88AC34EA07BB}"
EndProject
Project("{FAE04EC0-301F-11D3-BF4B-00C04F79EFBC}") = "ExtensionMethods.Library", "src\ExtensionMethods.Library\ExtensionMethods.Library.csproj", "{F87A07F0-EBE0-453E-8B8B-74A8989D34BD}"
EndProject
Project("{2150E333-8FDC-42A3-9474-1A3956D46DE8}") = "tests", "tests", "{5A706192-A5BA-469D-A052-5D9D72CC9C52}"
EndProject
Project("{FAE04EC0-301F-11D3-BF4B-00C04F79EFBC}") = "ExtensionsMethods.Tests", "tests\ExtensionsMethods.Tests\ExtensionsMethods.Tests.csproj", "{4DB96C69-50BC-4EFB-A43E-3976A77AE5EB}"
EndProject
Global
	GlobalSection(SolutionConfigurationPlatforms) = preSolution
		Debug|Any CPU = Debug|Any CPU
		Debug|x64 = Debug|x64
		Debug|x86 = Debug|x86
		Release|Any CPU = Release|Any CPU
		Release|x64 = Release|x64
		Release|x86 = Release|x86
	EndGlobalSection
	GlobalSection(SolutionProperties) = preSolution
		HideSolutionNode = FALSE
	EndGlobalSection
	GlobalSection(ProjectConfigurationPlatforms) = postSolution
		{F87A07F0-EBE0-453E-8B8B-74A8989D34BD}.Debug|Any CPU.ActiveCfg = Debug|Any CPU
		{F87A07F0-EBE0-453E-8B8B-74A8989D34BD}.Debug|Any CPU.Build.0 = Debug|Any CPU
		{F87A07F0-EBE0-453E-8B8B-74A8989D34BD}.Debug|x64.ActiveCfg = Debug|Any CPU
		{F87A07F0-EBE0-453E-8B8B-74A8989D34BD}.Debug|x64.Build.0 = Debug|Any CPU
		{F87A07F0-EBE0-453E-8B8B-74A8989D34BD}.Debug|x86.ActiveCfg = Debug|Any CPU
		{F87A07F0-EBE0-453E-8B8B-74A8989D34BD}.Debug|x86.Build.0 = Debug|Any CPU
		{F87A07F0-EBE0-453E-8B8B-74A8989D34BD}.Release|Any CPU.ActiveCfg = Release|Any CPU
		{F87A07F0-EBE0-453E-8B8B-74A8989D34BD}.Release|Any CPU.Build.0 = Release|Any CPU
		{F87A07F0-EBE0-453E-8B8B-74A8989D34BD}.Release|x64.ActiveCfg = Release|Any CPU
		{F87A07F0-EBE0-453E-8B8B-74A8989D34BD}.Release|x64.Build.0 = Release|Any CPU
		{F87A07F0-EBE0-453E-8B8B-74A8989D34BD}.Release|x86.ActiveCfg = Release|Any CPU
		{F87A07F0-EBE0-453E-8B8B-74A8989D34BD}.Release|x86.Build.0 = Release|Any CPU
		{4DB96C69-50BC-4EFB-A43E-3976A77AE5EB}.Debug|Any CPU.ActiveCfg = Debug|Any CPU
		{4DB96C69-50BC-4EFB-A43E-3976A77AE5EB}.Debug|Any CPU.Build.0 = Debug|Any CPU
		{4DB96C69-50BC-4EFB-A43E-3976A77AE5EB}.Debug|x64.ActiveCfg = Debug|Any CPU
		{4DB96C69-50BC-4EFB-A43E-3976A77AE5EB}.Debug|x64.Build.0 = Debug|Any CPU
		{4DB96C69-50BC-4EFB-A43E-3976A77AE5EB}.Debug|x86.ActiveCfg = Debug|Any CPU
		{4DB96C69-50BC-4EFB-A43E-3976A77AE5EB}.Debug|x86.Build.0 = Debug|Any CPU
		{4DB96C69-50BC-4EFB-A43E-3976A77AE5EB}.Release|Any CPU.ActiveCfg = Release|Any CPU
		{4DB96C69-50BC-4EFB-A43E-3976A77AE5EB}.Release|Any CPU.Build.0 = Release|Any CPU
		{4DB96C69-50BC-4EFB-A43E-3976A77AE5EB}.Release|x64.ActiveCfg = Release|Any CPU
		{4DB96C69-50BC-4EFB-A43E-3976A77AE5EB}.Release|x64.Build.0 = Release|Any CPU
		{4DB96C69-50BC-4EFB-A43E-3976A77AE5EB}.Release|x86.ActiveCfg = Release|Any CPU
		{4DB96C69-50BC-4EFB-A43E-3976A77AE5EB}.Release|x86.Build.0 = Release|Any CPU
	EndGlobalSection
	GlobalSection(NestedProjects) = preSolution
		{F87A07F0-EBE0-453E-8B8B-74A8989D34BD} = {2640F9C4-988C-4C42-80ED-88AC34EA07BB}
		{4DB96C69-50BC-4EFB-A43E-3976A77AE5EB} = {5A706192-A5BA-469D-A052-5D9D72CC9C52}
	EndGlobalSection
EndGlobal
