
Microsoft Visual Studio Solution File, Format Version 12.00
# Visual Studio 15
VisualStudioVersion = 15.0.26124.0
MinimumVisualStudioVersion = 15.0.26124.0
Project("{2150E333-8FDC-42A3-9474-1A3956D46DE8}") = "src", "src", "{EBBD6285-5CA7-4AA6-8716-5A61DC659BE3}"
EndProject
Project("{FAE04EC0-301F-11D3-BF4B-00C04F79EFBC}") = "ExtensionsMethods", "src\ExtensionsMethods\ExtensionsMethods.csproj", "{2FE0BBEB-0703-478F-B9B7-438C76314345}"
EndProject
Project("{2150E333-8FDC-42A3-9474-1A3956D46DE8}") = "tests", "tests", "{EC71E6DC-A0F3-4CD3-AA58-E29497BD1228}"
EndProject
Project("{FAE04EC0-301F-11D3-BF4B-00C04F79EFBC}") = "ExtensionsMethods.Tests", "tests\ExtensionsMethods.Tests\ExtensionsMethods.Tests.csproj", "{190197A4-A61A-4BB7-9531-95BBFAF6414D}"
EndProject
Global
	GlobalSection(SolutionConfigurationPlatforms) = preSolution
		Debug|Any CPU = Debug|Any CPU
		Debug|x64 = Debug|x64
		Debug|x86 = Debug|x86
		Release|Any CPU = Release|Any CPU
		Release|x64 = Release|x64
		Release|x86 = Release|x86
	EndGlobalSection
	GlobalSection(SolutionProperties) = preSolution
		HideSolutionNode = FALSE
	EndGlobalSection
	GlobalSection(ProjectConfigurationPlatforms) = postSolution
		{2FE0BBEB-0703-478F-B9B7-438C76314345}.Debug|Any CPU.ActiveCfg = Debug|Any CPU
		{2FE0BBEB-0703-478F-B9B7-438C76314345}.Debug|Any CPU.Build.0 = Debug|Any CPU
		{2FE0BBEB-0703-478F-B9B7-438C76314345}.Debug|x64.ActiveCfg = Debug|Any CPU
		{2FE0BBEB-0703-478F-B9B7-438C76314345}.Debug|x64.Build.0 = Debug|Any CPU
		{2FE0BBEB-0703-478F-B9B7-438C76314345}.Debug|x86.ActiveCfg = Debug|Any CPU
		{2FE0BBEB-0703-478F-B9B7-438C76314345}.Debug|x86.Build.0 = Debug|Any CPU
		{2FE0BBEB-0703-478F-B9B7-438C76314345}.Release|Any CPU.ActiveCfg = Release|Any CPU
		{2FE0BBEB-0703-478F-B9B7-438C76314345}.Release|Any CPU.Build.0 = Release|Any CPU
		{2FE0BBEB-0703-478F-B9B7-438C76314345}.Release|x64.ActiveCfg = Release|Any CPU
		{2FE0BBEB-0703-478F-B9B7-438C76314345}.Release|x64.Build.0 = Release|Any CPU
		{2FE0BBEB-0703-478F-B9B7-438C76314345}.Release|x86.ActiveCfg = Release|Any CPU
		{2FE0BBEB-0703-478F-B9B7-438C76314345}.Release|x86.Build.0 = Release|Any CPU
		{190197A4-A61A-4BB7-9531-95BBFAF6414D}.Debug|Any CPU.ActiveCfg = Debug|Any CPU
		{190197A4-A61A-4BB7-9531-95BBFAF6414D}.Debug|Any CPU.Build.0 = Debug|Any CPU
		{190197A4-A61A-4BB7-9531-95BBFAF6414D}.Debug|x64.ActiveCfg = Debug|Any CPU
		{190197A4-A61A-4BB7-9531-95BBFAF6414D}.Debug|x64.Build.0 = Debug|Any CPU
		{190197A4-A61A-4BB7-9531-95BBFAF6414D}.Debug|x86.ActiveCfg = Debug|Any CPU
		{190197A4-A61A-4BB7-9531-95BBFAF6414D}.Debug|x86.Build.0 = Debug|Any CPU
		{190197A4-A61A-4BB7-9531-95BBFAF6414D}.Release|Any CPU.ActiveCfg = Release|Any CPU
		{190197A4-A61A-4BB7-9531-95BBFAF6414D}.Release|Any CPU.Build.0 = Release|Any CPU
		{190197A4-A61A-4BB7-9531-95BBFAF6414D}.Release|x64.ActiveCfg = Release|Any CPU
		{190197A4-A61A-4BB7-9531-95BBFAF6414D}.Release|x64.Build.0 = Release|Any CPU
		{190197A4-A61A-4BB7-9531-95BBFAF6414D}.Release|x86.ActiveCfg = Release|Any CPU
		{190197A4-A61A-4BB7-9531-95BBFAF6414D}.Release|x86.Build.0 = Release|Any CPU
	EndGlobalSection
	GlobalSection(NestedProjects) = preSolution
		{2FE0BBEB-0703-478F-B9B7-438C76314345} = {EBBD6285-5CA7-4AA6-8716-5A61DC659BE3}
		{190197A4-A61A-4BB7-9531-95BBFAF6414D} = {EC71E6DC-A0F3-4CD3-AA58-E29497BD1228}
	EndGlobalSection
EndGlobal
